{
    "_meta": {
        "hash": {
            "sha256": "fa59dd0c99e990887fd4510e5586ddc3fc8267c41ddf5c8da032b768310eb605"
        },
        "pipfile-spec": 6,
        "requires": {
            "python_version": "3.12"
        },
        "sources": [
            {
                "name": "pypi",
                "url": "https://pypi.org/simple",
                "verify_ssl": true
            }
        ]
    },
    "default": {
        "pymupdf": {
            "hashes": [
                "sha256:0de4f5ed903c2be6d0abcccdc796368939b51ce03916eb53292916e3b6ea65d6",
                "sha256:0eed9f998525eaf39706dbf2d0cf3162150f0f526e4a36b1748ffa50bde581ae",
                "sha256:2d1b5c47df2f8055de5dedfbd3189c742188261a8c257f406378382adac94cff",
                "sha256:37f24108e2e18150fb8d512dcccdfa1e3d9b9dd203ffaa7ffb959bb20aea40b4",
                "sha256:3d1f1ec2fe0249484afde7a0fc02589f19aaeb47c42939d23ae1d012aa1bc59b",
                "sha256:60a7ee7db3e0d3a4dcbe6df2781ba4487acb7e515c64ea9c857504f44effcb25",
                "sha256:755906af4b4d693552ae5469ba682075853f4dc8a70639affd1bd6c049c5d900",
                "sha256:b3ad7a4f4b607ff97f2e1b8111823dd3797dbb381ec851c3ae4695fea6f68478"
            ],
            "index": "pypi",
            "markers": "python_version >= '3.9'",
            "version": "==1.24.14"
        }
    },
    "develop": {}
}
